
Microsoft Visual Studio Solution File, Format Version 12.00
# Visual Studio 15
VisualStudioVersion = 15.0.28307.168
MinimumVisualStudioVersion = 10.0.40219.1
Project("{8BC9CEB8-8B4A-11D0-8D11-00A0C91BC942}") = "character_function_and_string_function", "character_function_and_string_function\character_function_and_string_function.vcxproj", "{F787F155-DF58-4B55-8A18-D7367F93B0C5}"
EndProject
Global
	GlobalSection(SolutionConfigurationPlatforms) = preSolution
		Debug|x64 = Debug|x64
		Debug|x86 = Debug|x86
		Release|x64 = Release|x64
		Release|x86 = Release|x86
	EndGlobalSection
	GlobalSection(ProjectConfigurationPlatforms) = postSolution
		{F787F155-DF58-4B55-8A18-D7367F93B0C5}.Debug|x64.ActiveCfg = Debug|x64
		{F787F155-DF58-4B55-8A18-D7367F93B0C5}.Debug|x64.Build.0 = Debug|x64
		{F787F155-DF58-4B55-8A18-D7367F93B0C5}.Debug|x86.ActiveCfg = Debug|Win32
		{F787F155-DF58-4B55-8A18-D7367F93B0C5}.Debug|x86.Build.0 = Debug|Win32
		{F787F155-DF58-4B55-8A18-D7367F93B0C5}.Release|x64.ActiveCfg = Release|x64
		{F787F155-DF58-4B55-8A18-D7367F93B0C5}.Release|x64.Build.0 = Release|x64
		{F787F155-DF58-4B55-8A18-D7367F93B0C5}.Release|x86.ActiveCfg = Release|Win32
		{F787F155-DF58-4B55-8A18-D7367F93B0C5}.Release|x86.Build.0 = Release|Win32
	EndGlobalSection
	GlobalSection(SolutionProperties) = preSolution
		HideSolutionNode = FALSE
	EndGlobalSection
	GlobalSection(ExtensibilityGlobals) = postSolution
		SolutionGuid = {7FC92684-763E-46C9-9F59-4769C381B7C4}
	EndGlobalSection
EndGlobal
